
Microsoft Visual Studio Solution File, Format Version 12.00
# Visual Studio 2013
VisualStudioVersion = 12.0.40629.0
MinimumVisualStudioVersion = 10.0.40219.1
Project("{FAE04EC0-301F-11D3-BF4B-00C04F79EFBC}") = "Octopus.Playground.Web", "Octopus.Playground.Web\Octopus.Playground.Web.csproj", "{FCEEFD4F-8393-4987-8134-516FDA1E9CA2}"
EndProject
Project("{FAE04EC0-301F-11D3-BF4B-00C04F79EFBC}") = "Octopus.Playground.Test", "Octopus.Playground.Test\Octopus.Playground.Test.csproj", "{A3463839-66BC-402B-9545-B8ADE6121B32}"
EndProject
Global
	GlobalSection(SolutionConfigurationPlatforms) = preSolution
		Debug|Any CPU = Debug|Any CPU
		Prod|Any CPU = Prod|Any CPU
		Release|Any CPU = Release|Any CPU
		Stage|Any CPU = Stage|Any CPU
		Test|Any CPU = Test|Any CPU
	EndGlobalSection
	GlobalSection(ProjectConfigurationPlatforms) = postSolution
		{FCEEFD4F-8393-4987-8134-516FDA1E9CA2}.Debug|Any CPU.ActiveCfg = Debug|Any CPU
		{FCEEFD4F-8393-4987-8134-516FDA1E9CA2}.Debug|Any CPU.Build.0 = Debug|Any CPU
		{FCEEFD4F-8393-4987-8134-516FDA1E9CA2}.Prod|Any CPU.ActiveCfg = Prod|Any CPU
		{FCEEFD4F-8393-4987-8134-516FDA1E9CA2}.Prod|Any CPU.Build.0 = Prod|Any CPU
		{FCEEFD4F-8393-4987-8134-516FDA1E9CA2}.Release|Any CPU.ActiveCfg = Release|Any CPU
		{FCEEFD4F-8393-4987-8134-516FDA1E9CA2}.Release|Any CPU.Build.0 = Release|Any CPU
		{FCEEFD4F-8393-4987-8134-516FDA1E9CA2}.Stage|Any CPU.ActiveCfg = Stage|Any CPU
		{FCEEFD4F-8393-4987-8134-516FDA1E9CA2}.Stage|Any CPU.Build.0 = Stage|Any CPU
		{FCEEFD4F-8393-4987-8134-516FDA1E9CA2}.Test|Any CPU.ActiveCfg = Test|Any CPU
		{FCEEFD4F-8393-4987-8134-516FDA1E9CA2}.Test|Any CPU.Build.0 = Test|Any CPU
		{A3463839-66BC-402B-9545-B8ADE6121B32}.Debug|Any CPU.ActiveCfg = Debug|Any CPU
		{A3463839-66BC-402B-9545-B8ADE6121B32}.Debug|Any CPU.Build.0 = Debug|Any CPU
		{A3463839-66BC-402B-9545-B8ADE6121B32}.Prod|Any CPU.ActiveCfg = Release|Any CPU
		{A3463839-66BC-402B-9545-B8ADE6121B32}.Prod|Any CPU.Build.0 = Release|Any CPU
		{A3463839-66BC-402B-9545-B8ADE6121B32}.Release|Any CPU.ActiveCfg = Release|Any CPU
		{A3463839-66BC-402B-9545-B8ADE6121B32}.Release|Any CPU.Build.0 = Release|Any CPU
		{A3463839-66BC-402B-9545-B8ADE6121B32}.Stage|Any CPU.ActiveCfg = Release|Any CPU
		{A3463839-66BC-402B-9545-B8ADE6121B32}.Stage|Any CPU.Build.0 = Release|Any CPU
		{A3463839-66BC-402B-9545-B8ADE6121B32}.Test|Any CPU.ActiveCfg = Release|Any CPU
		{A3463839-66BC-402B-9545-B8ADE6121B32}.Test|Any CPU.Build.0 = Release|Any CPU
	EndGlobalSection
	GlobalSection(SolutionProperties) = preSolution
		HideSolutionNode = FALSE
	EndGlobalSection
EndGlobal
